
Microsoft Visual Studio Solution File, Format Version 12.00
# Visual Studio Version 17
VisualStudioVersion = 17.14.37111.16 d17.14
MinimumVisualStudioVersion = 10.0.40219.1
Project("{2150E333-8FDC-42A3-9474-1A3956D46DE8}") = "src", "src", "{02EA681E-C7D8-13C7-8484-4AC65E1B71E8}"
EndProject
Project("{FAE04EC0-301F-11D3-BF4B-00C04F79EFBC}") = "WebFileManagement.Api", "src\WebFileManagement.Api\WebFileManagement.Api.csproj", "{7D32BDDA-39F9-44F3-9C43-28A0E513FE9A}"
EndProject
Project("{FAE04EC0-301F-11D3-BF4B-00C04F79EFBC}") = "WebFIleManagement.Services", "src\WebFIleManagement.Services\WebFIleManagement.Services.csproj", "{868B361B-EBE9-45B9-864D-5F1E4D858DDB}"
EndProject
Project("{FAE04EC0-301F-11D3-BF4B-00C04F79EFBC}") = "WebFIleManagement.Broker", "src\WebFIleManagement.Broker\WebFIleManagement.Broker.csproj", "{835D03A8-ACB5-435D-B902-91A8A84EB251}"
EndProject
Global
	GlobalSection(SolutionConfigurationPlatforms) = preSolution
		Debug|Any CPU = Debug|Any CPU
		Release|Any CPU = Release|Any CPU
	EndGlobalSection
	GlobalSection(ProjectConfigurationPlatforms) = postSolution
		{7D32BDDA-39F9-44F3-9C43-28A0E513FE9A}.Debug|Any CPU.ActiveCfg = Debug|Any CPU
		{7D32BDDA-39F9-44F3-9C43-28A0E513FE9A}.Debug|Any CPU.Build.0 = Debug|Any CPU
		{7D32BDDA-39F9-44F3-9C43-28A0E513FE9A}.Release|Any CPU.ActiveCfg = Release|Any CPU
		{7D32BDDA-39F9-44F3-9C43-28A0E513FE9A}.Release|Any CPU.Build.0 = Release|Any CPU
		{868B361B-EBE9-45B9-864D-5F1E4D858DDB}.Debug|Any CPU.ActiveCfg = Debug|Any CPU
		{868B361B-EBE9-45B9-864D-5F1E4D858DDB}.Debug|Any CPU.Build.0 = Debug|Any CPU
		{868B361B-EBE9-45B9-864D-5F1E4D858DDB}.Release|Any CPU.ActiveCfg = Release|Any CPU
		{868B361B-EBE9-45B9-864D-5F1E4D858DDB}.Release|Any CPU.Build.0 = Release|Any CPU
		{835D03A8-ACB5-435D-B902-91A8A84EB251}.Debug|Any CPU.ActiveCfg = Debug|Any CPU
		{835D03A8-ACB5-435D-B902-91A8A84EB251}.Debug|Any CPU.Build.0 = Debug|Any CPU
		{835D03A8-ACB5-435D-B902-91A8A84EB251}.Release|Any CPU.ActiveCfg = Release|Any CPU
		{835D03A8-ACB5-435D-B902-91A8A84EB251}.Release|Any CPU.Build.0 = Release|Any CPU
	EndGlobalSection
	GlobalSection(SolutionProperties) = preSolution
		HideSolutionNode = FALSE
	EndGlobalSection
	GlobalSection(NestedProjects) = preSolution
		{7D32BDDA-39F9-44F3-9C43-28A0E513FE9A} = {02EA681E-C7D8-13C7-8484-4AC65E1B71E8}
		{868B361B-EBE9-45B9-864D-5F1E4D858DDB} = {02EA681E-C7D8-13C7-8484-4AC65E1B71E8}
		{835D03A8-ACB5-435D-B902-91A8A84EB251} = {02EA681E-C7D8-13C7-8484-4AC65E1B71E8}
	EndGlobalSection
	GlobalSection(ExtensibilityGlobals) = postSolution
		SolutionGuid = {9D904A7A-85DD-46F7-A744-63EADB38729A}
	EndGlobalSection
EndGlobal
